
Microsoft Visual Studio Solution File, Format Version 12.00
# Visual Studio 15
VisualStudioVersion = 15.0.26730.12
MinimumVisualStudioVersion = 10.0.40219.1
Project("{8BC9CEB8-8B4A-11D0-8D11-00A0C91BC942}") = "Problem 11", "Problem 11\Problem 11.vcxproj", "{4D8DFDF6-BA59-4729-951C-87C1754FFC3C}"
EndProject
Global
	GlobalSection(SolutionConfigurationPlatforms) = preSolution
		Debug|x64 = Debug|x64
		Debug|x86 = Debug|x86
		Release|x64 = Release|x64
		Release|x86 = Release|x86
	EndGlobalSection
	GlobalSection(ProjectConfigurationPlatforms) = postSolution
		{4D8DFDF6-BA59-4729-951C-87C1754FFC3C}.Debug|x64.ActiveCfg = Debug|x64
		{4D8DFDF6-BA59-4729-951C-87C1754FFC3C}.Debug|x64.Build.0 = Debug|x64
		{4D8DFDF6-BA59-4729-951C-87C1754FFC3C}.Debug|x86.ActiveCfg = Debug|Win32
		{4D8DFDF6-BA59-4729-951C-87C1754FFC3C}.Debug|x86.Build.0 = Debug|Win32
		{4D8DFDF6-BA59-4729-951C-87C1754FFC3C}.Release|x64.ActiveCfg = Release|x64
		{4D8DFDF6-BA59-4729-951C-87C1754FFC3C}.Release|x64.Build.0 = Release|x64
		{4D8DFDF6-BA59-4729-951C-87C1754FFC3C}.Release|x86.ActiveCfg = Release|Win32
		{4D8DFDF6-BA59-4729-951C-87C1754FFC3C}.Release|x86.Build.0 = Release|Win32
	EndGlobalSection
	GlobalSection(SolutionProperties) = preSolution
		HideSolutionNode = FALSE
	EndGlobalSection
	GlobalSection(ExtensibilityGlobals) = postSolution
		SolutionGuid = {65F66CF1-1BC7-461F-9AE3-98910D15C6C1}
	EndGlobalSection
EndGlobal
